
Microsoft Visual Studio Solution File, Format Version 12.00
# Visual Studio 2013
VisualStudioVersion = 12.0.31101.0
MinimumVisualStudioVersion = 10.0.40219.1
Project("{8BC9CEB8-8B4A-11D0-8D11-00A0C91BC942}") = "i064", "IDP\i064\i064.vcxproj", "{B0D7A1A7-63CD-48A7-8CD0-C1C312C0FE58}"
EndProject
Project("{8BC9CEB8-8B4A-11D0-8D11-00A0C91BC942}") = "dos64", "LDR\dos64\dos64.vcxproj", "{7CE65B7A-0EF2-4D96-8344-E6AA693A6ABE}"
EndProject
Project("{8BC9CEB8-8B4A-11D0-8D11-00A0C91BC942}") = "elf64", "LDR\elf64\elf64.vcxproj", "{6152E8D6-A285-433E-A04C-AF7AA5228B63}"
EndProject
Project("{8BC9CEB8-8B4A-11D0-8D11-00A0C91BC942}") = "i0ldr64", "LDR\i0ldr64\i0ldr64.vcxproj", "{13038000-23A0-4233-B07F-DFBA075BC461}"
EndProject
Project("{8BC9CEB8-8B4A-11D0-8D11-00A0C91BC942}") = "avr", "IDP\avr\avr.vcxproj", "{B2428A25-0BA2-4241-BB38-6B92813BB6C1}"
EndProject
Project("{8BC9CEB8-8B4A-11D0-8D11-00A0C91BC942}") = "z8", "IDP\z8\z8.vcxproj", "{68AFC30A-4A49-476F-B475-1C354EA3CF14}"
EndProject
Project("{8BC9CEB8-8B4A-11D0-8D11-00A0C91BC942}") = "javaldr", "LDR\javaldr\javaldr.vcxproj", "{618195F6-3BC6-4BC8-BB0C-5F1119FE050C}"
EndProject
Project("{8BC9CEB8-8B4A-11D0-8D11-00A0C91BC942}") = "loadmap", "PLG\loadmap\loadmap.vcxproj", "{0BFC8FAC-3298-4DFD-9612-A9D8BB3AEF29}"
EndProject
Project("{8BC9CEB8-8B4A-11D0-8D11-00A0C91BC942}") = "DBG1", "PLG\DBG1\DBG1.vcxproj", "{CA0D26D2-A2DB-41C5-95C7-2BC0B27B60B3}"
EndProject
Project("{8BC9CEB8-8B4A-11D0-8D11-00A0C91BC942}") = "IDB_2_PAT", "PLG\IDB_2_PAT\IDB_2_PAT.vcxproj", "{64C6DF7B-F070-4BC8-AED5-2BA7062DD567}"
EndProject
Project("{8BC9CEB8-8B4A-11D0-8D11-00A0C91BC942}") = "bochs_user_impl", "PLG\bochs_user_impl\bochs_user_impl.vcxproj", "{8C04C0A6-6D1F-4871-A7D9-3EB9BCE9177F}"
EndProject
Project("{8BC9CEB8-8B4A-11D0-8D11-00A0C91BC942}") = "idados", "PLG\idados\idados.vcxproj", "{56A8B744-99D5-4650-9A84-2752F59F8E0A}"
EndProject
Project("{8BC9CEB8-8B4A-11D0-8D11-00A0C91BC942}") = "bochs_user_hook", "PLG\bochs_user_hook\bochs_user_hook.vcxproj", "{C997ED4F-1F5C-4867-AB8D-0DABCCDADA98}"
EndProject
Project("{8BC9CEB8-8B4A-11D0-8D11-00A0C91BC942}") = "win32_user", "PLG\win32_user\win32_user.vcxproj", "{A8791602-3A05-45D0-A22D-99C31CAC7810}"
EndProject
Project("{2150E333-8FDC-42A3-9474-1A3956D46DE8}") = "IDP", "IDP", "{BDB52656-E77C-49CF-B101-F89F2801D5A2}"
EndProject
Project("{2150E333-8FDC-42A3-9474-1A3956D46DE8}") = "LDR", "LDR", "{F8E3EF23-8871-4AD1-A741-ECE43B5360F3}"
EndProject
Project("{2150E333-8FDC-42A3-9474-1A3956D46DE8}") = "PLG", "PLG", "{B4F0E33E-B5D7-4EEB-972F-74532081AC57}"
EndProject
Project("{8BC9CEB8-8B4A-11D0-8D11-00A0C91BC942}") = "ida_bochs_debugger", "PLG\ida_bochs_debugger\ida_bochs_debugger.vcxproj", "{15168DCD-13C5-40DB-AD3F-911C07AF8133}"
EndProject
Project("{8BC9CEB8-8B4A-11D0-8D11-00A0C91BC942}") = "IDA_ClassInformer_PlugIn", "PLG\IDA_ClassInformer_PlugIn\IDA_ClassInformer_PlugIn.vcxproj", "{22222222-2222-2222-2222-222222222222}"
EndProject
Project("{8BC9CEB8-8B4A-11D0-8D11-00A0C91BC942}") = "IDA2PAT_Reloaded", "PLG\IDA2PAT_Reloaded\IDA2PAT_Reloaded.vcxproj", "{139EE9A6-2762-4C8F-81A9-CD33574522C0}"
EndProject
Global
	GlobalSection(SolutionConfigurationPlatforms) = preSolution
		Debug|Win32 = Debug|Win32
		Release|Win32 = Release|Win32
	EndGlobalSection
	GlobalSection(ProjectConfigurationPlatforms) = postSolution
		{B0D7A1A7-63CD-48A7-8CD0-C1C312C0FE58}.Debug|Win32.ActiveCfg = Release|Win32
		{B0D7A1A7-63CD-48A7-8CD0-C1C312C0FE58}.Debug|Win32.Build.0 = Release|Win32
		{B0D7A1A7-63CD-48A7-8CD0-C1C312C0FE58}.Release|Win32.ActiveCfg = Release|Win32
		{B0D7A1A7-63CD-48A7-8CD0-C1C312C0FE58}.Release|Win32.Build.0 = Release|Win32
		{7CE65B7A-0EF2-4D96-8344-E6AA693A6ABE}.Debug|Win32.ActiveCfg = Release|Win32
		{7CE65B7A-0EF2-4D96-8344-E6AA693A6ABE}.Release|Win32.ActiveCfg = Release|Win32
		{6152E8D6-A285-433E-A04C-AF7AA5228B63}.Debug|Win32.ActiveCfg = Release|Win32
		{6152E8D6-A285-433E-A04C-AF7AA5228B63}.Release|Win32.ActiveCfg = Release|Win32
		{13038000-23A0-4233-B07F-DFBA075BC461}.Debug|Win32.ActiveCfg = Release|Win32
		{13038000-23A0-4233-B07F-DFBA075BC461}.Debug|Win32.Build.0 = Release|Win32
		{13038000-23A0-4233-B07F-DFBA075BC461}.Release|Win32.ActiveCfg = Release|Win32
		{13038000-23A0-4233-B07F-DFBA075BC461}.Release|Win32.Build.0 = Release|Win32
		{B2428A25-0BA2-4241-BB38-6B92813BB6C1}.Debug|Win32.ActiveCfg = Release|Win32
		{B2428A25-0BA2-4241-BB38-6B92813BB6C1}.Release|Win32.ActiveCfg = Release|Win32
		{68AFC30A-4A49-476F-B475-1C354EA3CF14}.Debug|Win32.ActiveCfg = Release|Win32
		{68AFC30A-4A49-476F-B475-1C354EA3CF14}.Release|Win32.ActiveCfg = Release|Win32
		{618195F6-3BC6-4BC8-BB0C-5F1119FE050C}.Debug|Win32.ActiveCfg = Release|Win32
		{618195F6-3BC6-4BC8-BB0C-5F1119FE050C}.Release|Win32.ActiveCfg = Release|Win32
		{0BFC8FAC-3298-4DFD-9612-A9D8BB3AEF29}.Debug|Win32.ActiveCfg = Release|Win32
		{0BFC8FAC-3298-4DFD-9612-A9D8BB3AEF29}.Release|Win32.ActiveCfg = Release|Win32
		{CA0D26D2-A2DB-41C5-95C7-2BC0B27B60B3}.Debug|Win32.ActiveCfg = Release|Win32
		{CA0D26D2-A2DB-41C5-95C7-2BC0B27B60B3}.Debug|Win32.Build.0 = Release|Win32
		{CA0D26D2-A2DB-41C5-95C7-2BC0B27B60B3}.Release|Win32.ActiveCfg = Release|Win32
		{CA0D26D2-A2DB-41C5-95C7-2BC0B27B60B3}.Release|Win32.Build.0 = Release|Win32
		{64C6DF7B-F070-4BC8-AED5-2BA7062DD567}.Debug|Win32.ActiveCfg = Release|Win32
		{64C6DF7B-F070-4BC8-AED5-2BA7062DD567}.Debug|Win32.Build.0 = Release|Win32
		{64C6DF7B-F070-4BC8-AED5-2BA7062DD567}.Release|Win32.ActiveCfg = Release|Win32
		{64C6DF7B-F070-4BC8-AED5-2BA7062DD567}.Release|Win32.Build.0 = Release|Win32
		{8C04C0A6-6D1F-4871-A7D9-3EB9BCE9177F}.Debug|Win32.ActiveCfg = Release|Win32
		{8C04C0A6-6D1F-4871-A7D9-3EB9BCE9177F}.Debug|Win32.Build.0 = Release|Win32
		{8C04C0A6-6D1F-4871-A7D9-3EB9BCE9177F}.Release|Win32.ActiveCfg = Release|Win32
		{8C04C0A6-6D1F-4871-A7D9-3EB9BCE9177F}.Release|Win32.Build.0 = Release|Win32
		{56A8B744-99D5-4650-9A84-2752F59F8E0A}.Debug|Win32.ActiveCfg = Release|Win32
		{56A8B744-99D5-4650-9A84-2752F59F8E0A}.Debug|Win32.Build.0 = Release|Win32
		{56A8B744-99D5-4650-9A84-2752F59F8E0A}.Release|Win32.ActiveCfg = Release|Win32
		{56A8B744-99D5-4650-9A84-2752F59F8E0A}.Release|Win32.Build.0 = Release|Win32
		{C997ED4F-1F5C-4867-AB8D-0DABCCDADA98}.Debug|Win32.ActiveCfg = Release|Win32
		{C997ED4F-1F5C-4867-AB8D-0DABCCDADA98}.Debug|Win32.Build.0 = Release|Win32
		{C997ED4F-1F5C-4867-AB8D-0DABCCDADA98}.Release|Win32.ActiveCfg = Release|Win32
		{C997ED4F-1F5C-4867-AB8D-0DABCCDADA98}.Release|Win32.Build.0 = Release|Win32
		{A8791602-3A05-45D0-A22D-99C31CAC7810}.Debug|Win32.ActiveCfg = Release|Win32
		{A8791602-3A05-45D0-A22D-99C31CAC7810}.Debug|Win32.Build.0 = Release|Win32
		{A8791602-3A05-45D0-A22D-99C31CAC7810}.Release|Win32.ActiveCfg = Release|Win32
		{A8791602-3A05-45D0-A22D-99C31CAC7810}.Release|Win32.Build.0 = Release|Win32
		{15168DCD-13C5-40DB-AD3F-911C07AF8133}.Debug|Win32.ActiveCfg = Release|Win32
		{15168DCD-13C5-40DB-AD3F-911C07AF8133}.Debug|Win32.Build.0 = Release|Win32
		{15168DCD-13C5-40DB-AD3F-911C07AF8133}.Release|Win32.ActiveCfg = Release|Win32
		{15168DCD-13C5-40DB-AD3F-911C07AF8133}.Release|Win32.Build.0 = Release|Win32
		{22222222-2222-2222-2222-222222222222}.Debug|Win32.ActiveCfg = Release|Win32
		{22222222-2222-2222-2222-222222222222}.Debug|Win32.Build.0 = Release|Win32
		{22222222-2222-2222-2222-222222222222}.Release|Win32.ActiveCfg = Release|Win32
		{22222222-2222-2222-2222-222222222222}.Release|Win32.Build.0 = Release|Win32
		{139EE9A6-2762-4C8F-81A9-CD33574522C0}.Debug|Win32.ActiveCfg = Release|Win32
		{139EE9A6-2762-4C8F-81A9-CD33574522C0}.Debug|Win32.Build.0 = Release|Win32
		{139EE9A6-2762-4C8F-81A9-CD33574522C0}.Release|Win32.ActiveCfg = Release|Win32
		{139EE9A6-2762-4C8F-81A9-CD33574522C0}.Release|Win32.Build.0 = Release|Win32
	EndGlobalSection
	GlobalSection(SolutionProperties) = preSolution
		HideSolutionNode = FALSE
	EndGlobalSection
	GlobalSection(NestedProjects) = preSolution
		{B0D7A1A7-63CD-48A7-8CD0-C1C312C0FE58} = {BDB52656-E77C-49CF-B101-F89F2801D5A2}
		{7CE65B7A-0EF2-4D96-8344-E6AA693A6ABE} = {F8E3EF23-8871-4AD1-A741-ECE43B5360F3}
		{6152E8D6-A285-433E-A04C-AF7AA5228B63} = {F8E3EF23-8871-4AD1-A741-ECE43B5360F3}
		{13038000-23A0-4233-B07F-DFBA075BC461} = {F8E3EF23-8871-4AD1-A741-ECE43B5360F3}
		{B2428A25-0BA2-4241-BB38-6B92813BB6C1} = {BDB52656-E77C-49CF-B101-F89F2801D5A2}
		{68AFC30A-4A49-476F-B475-1C354EA3CF14} = {BDB52656-E77C-49CF-B101-F89F2801D5A2}
		{618195F6-3BC6-4BC8-BB0C-5F1119FE050C} = {F8E3EF23-8871-4AD1-A741-ECE43B5360F3}
		{0BFC8FAC-3298-4DFD-9612-A9D8BB3AEF29} = {B4F0E33E-B5D7-4EEB-972F-74532081AC57}
		{CA0D26D2-A2DB-41C5-95C7-2BC0B27B60B3} = {B4F0E33E-B5D7-4EEB-972F-74532081AC57}
		{64C6DF7B-F070-4BC8-AED5-2BA7062DD567} = {B4F0E33E-B5D7-4EEB-972F-74532081AC57}
		{8C04C0A6-6D1F-4871-A7D9-3EB9BCE9177F} = {B4F0E33E-B5D7-4EEB-972F-74532081AC57}
		{56A8B744-99D5-4650-9A84-2752F59F8E0A} = {B4F0E33E-B5D7-4EEB-972F-74532081AC57}
		{C997ED4F-1F5C-4867-AB8D-0DABCCDADA98} = {B4F0E33E-B5D7-4EEB-972F-74532081AC57}
		{A8791602-3A05-45D0-A22D-99C31CAC7810} = {B4F0E33E-B5D7-4EEB-972F-74532081AC57}
		{15168DCD-13C5-40DB-AD3F-911C07AF8133} = {B4F0E33E-B5D7-4EEB-972F-74532081AC57}
		{22222222-2222-2222-2222-222222222222} = {B4F0E33E-B5D7-4EEB-972F-74532081AC57}
		{139EE9A6-2762-4C8F-81A9-CD33574522C0} = {B4F0E33E-B5D7-4EEB-972F-74532081AC57}
	EndGlobalSection
EndGlobal
